<?xml version="1.0" encoding="utf-8"?>
<Project ToolsVersion="4.0" xmlns="http://schemas.microsoft.com/developer/msbuild/2003">
  <ItemGroup>
    <Filter Include="Resource Files">
      <UniqueIdentifier>{67DA6AB6-F800-4c08-8B7A-83BB121AAD01}</UniqueIdentifier>
      <Extensions>rc;ico;cur;bmp;dlg;rc2;rct;bin;rgs;gif;jpg;jpeg;jpe;resx;tiff;tif;png;wav;mfcribbon-ms</Extensions>
    </Filter>
    <Filter Include="Core">
      <UniqueIdentifier>{2d6e4119-c480-44a3-b34b-27d7d51b3a79}</UniqueIdentifier>
    </Filter>
    <Filter Include="Core\Sys">
      <UniqueIdentifier>{7080e282-aea7-4888-9b67-b04b884d3ed2}</UniqueIdentifier>
    </Filter>
    <Filter Include="Core\Sys\Bake">
      <UniqueIdentifier>{afdc6584-f8a6-46a8-b539-2dbda20e390b}</UniqueIdentifier>
    </Filter>
    <Filter Include="Manager">
      <UniqueIdentifier>{8f164164-fa85-4654-bdc4-5142044e9047}</UniqueIdentifier>
    </Filter>
    <Filter Include="Utils">
      <UniqueIdentifier>{eb133246-c4d5-44d8-adf1-1b474d9cb2f5}</UniqueIdentifier>
    </Filter>
    <Filter Include="CLI">
      <UniqueIdentifier>{4FC737F1-C7A5-4376-A066-2A32D752A2FF}</UniqueIdentifier>
      <Extensions>cpp;c;cc;cxx;c++;cppm;ixx;def;odl;idl;hpj;bat;asm;asmx</Extensions>
    </Filter>
    <Filter Include="Manager\Game">
      <UniqueIdentifier>{bdbf9f28-4de5-4167-a518-40501c2260f2}</UniqueIdentifier>
    </Filter>
    <Filter Include="Manager\Game\WWE23">
      <UniqueIdentifier>{4daf5fd5-bcf6-4a89-91a5-5ef7ec931417}</UniqueIdentifier>
    </Filter>
    <Filter Include="Utils\ThirdParty">
      <UniqueIdentifier>{ea7b9cef-feb7-4cbf-81a7-1323e3e4a3b6}</UniqueIdentifier>
    </Filter>
    <Filter Include="Core\Sys\Bake\GameLink">
      <UniqueIdentifier>{d1b78e1d-17be-4981-a85c-d6864d98666a}</UniqueIdentifier>
    </Filter>
    <Filter Include="Manager\Controller">
      <UniqueIdentifier>{0db598d8-85f4-4b5e-a2f1-d76473134f2c}</UniqueIdentifier>
    </Filter>
  </ItemGroup>
  <ItemGroup>
    <ClCompile Include="Core\Sys\Bake\PackageBaker.cpp">
      <Filter>Core\Sys\Bake</Filter>
    </ClCompile>
    <ClCompile Include="Utils\PackageUtils.cpp">
      <Filter>Utils</Filter>
    </ClCompile>
    <ClCompile Include="main.cpp">
      <Filter>CLI</Filter>
    </ClCompile>
    <ClCompile Include="Manager\Game\WWE23\2K23Package.cpp">
      <Filter>Manager\Game\WWE23</Filter>
    </ClCompile>
    <ClCompile Include="Core\GameLink\HookInterface.cpp">
      <Filter>Core\Sys\Bake\GameLink</Filter>
    </ClCompile>
    <ClCompile Include="Manager\GameManager.cpp">
      <Filter>Manager\Game</Filter>
    </ClCompile>
    <ClCompile Include="Manager\GamePackage.cpp">
      <Filter>Manager\Game</Filter>
    </ClCompile>
    <ClCompile Include="Utils\CRC32.cpp">
      <Filter>Utils\ThirdParty</Filter>
    </ClCompile>
    <ClCompile Include="Manager\GameProfile.cpp">
      <Filter>Manager\Game</Filter>
    </ClCompile>
    <ClCompile Include="Manager\ManagerController.cpp">
      <Filter>Manager\Controller</Filter>
    </ClCompile>
  </ItemGroup>
  <ItemGroup>
    <ClInclude Include="Core\Sys\Bake\PackageBaker.h">
      <Filter>Core\Sys\Bake</Filter>
    </ClInclude>
    <ClInclude Include="Utils\PackageUtils.h">
      <Filter>Utils</Filter>
    </ClInclude>
    <ClInclude Include="Manager\Game\WWE23\2K23Package.h">
      <Filter>Manager\Game\WWE23</Filter>
    </ClInclude>
    <ClInclude Include="Core\GameLink\HookInterface.h">
      <Filter>Core\Sys\Bake\GameLink</Filter>
    </ClInclude>
    <ClInclude Include="Utils\ThirdParty\Json.hpp">
      <Filter>Utils\ThirdParty</Filter>
    </ClInclude>
    <ClInclude Include="Utils\FileUtils.hpp">
      <Filter>Utils</Filter>
    </ClInclude>
    <ClInclude Include="Utils\ConfigUtils.hpp">
      <Filter>Utils</Filter>
    </ClInclude>
    <ClInclude Include="Manager\GameManager.h">
      <Filter>Manager\Game</Filter>
    </ClInclude>
    <ClInclude Include="Manager\GamePackage.h">
      <Filter>Manager\Game</Filter>
    </ClInclude>
    <ClInclude Include="Utils\CRC32.h">
      <Filter>Utils\ThirdParty</Filter>
    </ClInclude>
    <ClInclude Include="Manager\GameProfile.h">
      <Filter>Manager\Game</Filter>
    </ClInclude>
    <ClInclude Include="Manager\ManagerController.h">
      <Filter>Manager\Controller</Filter>
    </ClInclude>
  </ItemGroup>
</Project>